{
  "nodes": {
    "darwin": {
      "inputs": {
        "nixpkgs": [
          "nixpkgs"
        ]
      },
      "locked": {
        "lastModified": 1724299755,
        "narHash": "sha256-P5zMA17kD9tqiqMuNXwupkM7buM3gMNtoZ1VuJTRDE4=",
        "owner": "lnl7",
        "repo": "nix-darwin",
        "rev": "a8968d88e5a537b0491f68ce910749cd870bdbef",
        "type": "github"
      },
      "original": {
        "owner": "lnl7",
        "repo": "nix-darwin",
        "type": "github"
      }
    },
    "home-manager": {
      "inputs": {
        "nixpkgs": [
          "nixpkgs"
        ]
      },
      "locked": {
        "lastModified": 1723986931,
        "narHash": "sha256-Fy+KEvDQ+Hc8lJAV3t6leXhZJ2ncU5/esxkgt3b8DEY=",
        "owner": "nix-community",
        "repo": "home-manager",
        "rev": "2598861031b78aadb4da7269df7ca9ddfc3e1671",
        "type": "github"
      },
      "original": {
        "owner": "nix-community",
        "ref": "master",
        "repo": "home-manager",
        "type": "github"
      }
    },
    "nixCats": {
      "locked": {
        "dir": "nix",
        "lastModified": 1724151203,
        "narHash": "sha256-3vN0fIdCRC9i8uQpkaHe/BHGgIsC74OVlWt1FvnqOCA=",
        "owner": "BirdeeHub",
        "repo": "nixCats-nvim",
        "rev": "f57bcf909c6e7e277f1ea1ed7a69f58046e2a2a0",
        "type": "github"
      },
      "original": {
        "dir": "nix",
        "owner": "BirdeeHub",
        "repo": "nixCats-nvim",
        "type": "github"
      }
    },
    "nixNvim": {
      "inputs": {
        "nixCats": "nixCats",
        "nixpkgs": "nixpkgs"
      },
      "locked": {
        "lastModified": 1724307531,
        "narHash": "sha256-oJ7IJVaQnftl9UUrczEhN8D//fBjUXCRBfM5ItnJfSQ=",
        "owner": "NeilDarach",
        "repo": "nixNvim",
        "rev": "ac1a23c80ddc66e72432078653e6d5bc34b4b176",
        "type": "github"
      },
      "original": {
        "owner": "NeilDarach",
        "repo": "nixNvim",
        "type": "github"
      }
    },
    "nixpkgs": {
      "locked": {
        "lastModified": 1724208548,
        "narHash": "sha256-8Aiur5lv2L8o9ErxHqS2F293MHiHCoRG8C4vCwhkeXo=",
        "owner": "nixos",
        "repo": "nixpkgs",
        "rev": "4c30668e1edb7348169407f218fa7c71a94b17f3",
        "type": "github"
      },
      "original": {
        "owner": "nixos",
        "ref": "nixpkgs-unstable",
        "repo": "nixpkgs",
        "type": "github"
      }
    },
    "nixpkgs_2": {
      "locked": {
        "lastModified": 1724271409,
        "narHash": "sha256-z4nw9HxkaXEn+5OT8ljLVL2oataHvAzUQ1LEi8Fp+SY=",
        "owner": "nixos",
        "repo": "nixpkgs",
        "rev": "36a9aeaaa17a2d4348498275f9fe530cd4f9e519",
        "type": "github"
      },
      "original": {
        "owner": "nixos",
        "ref": "nixpkgs-unstable",
        "repo": "nixpkgs",
        "type": "github"
      }
    },
    "root": {
      "inputs": {
        "darwin": "darwin",
        "home-manager": "home-manager",
        "nixNvim": "nixNvim",
        "nixpkgs": "nixpkgs_2"
      }
    }
  },
  "root": "root",
  "version": 7
}
